
Microsoft Visual Studio Solution File, Format Version 12.00
# Visual Studio Version 17
VisualStudioVersion = 17.14.36717.8 d17.14
MinimumVisualStudioVersion = 10.0.40219.1
Project("{FAE04EC0-301F-11D3-BF4B-00C04F79EFBC}") = "CoreBankingAPI", "CoreBankingAPI.csproj", "{AD849E20-12EA-4BBE-9CFD-FFD1A5DDB626}"
EndProject
Global
	GlobalSection(SolutionConfigurationPlatforms) = preSolution
		Debug|Any CPU = Debug|Any CPU
		Release|Any CPU = Release|Any CPU
	EndGlobalSection
	GlobalSection(ProjectConfigurationPlatforms) = postSolution
		{AD849E20-12EA-4BBE-9CFD-FFD1A5DDB626}.Debug|Any CPU.ActiveCfg = Debug|Any CPU
		{AD849E20-12EA-4BBE-9CFD-FFD1A5DDB626}.Debug|Any CPU.Build.0 = Debug|Any CPU
		{AD849E20-12EA-4BBE-9CFD-FFD1A5DDB626}.Release|Any CPU.ActiveCfg = Release|Any CPU
		{AD849E20-12EA-4BBE-9CFD-FFD1A5DDB626}.Release|Any CPU.Build.0 = Release|Any CPU
	EndGlobalSection
	GlobalSection(SolutionProperties) = preSolution
		HideSolutionNode = FALSE
	EndGlobalSection
	GlobalSection(ExtensibilityGlobals) = postSolution
		SolutionGuid = {AE82AEC9-FEC5-45FD-8210-56589EB42E00}
	EndGlobalSection
EndGlobal
